
Microsoft Visual Studio Solution File, Format Version 9.00
# Visual Studio 2005
Project("{8BC9CEB8-8B4A-11D0-8D11-00A0C91BC942}") = "Ex_Timer", "Ex_Timer.vcproj", "{6D55F776-148A-45F7-9CC4-B6EF46E445E5}"
EndProject
Project("{8BC9CEB8-8B4A-11D0-8D11-00A0C91BC942}") = "DEVSpp", "..\..\DEVSpp.vcproj", "{FB1785A5-1B71-4E31-8912-F1754787EEA4}"
EndProject
Global
	GlobalSection(SolutionConfigurationPlatforms) = preSolution
		debug_dll|Win32 = debug_dll|Win32
		debug_static|Win32 = debug_static|Win32
		release_dll|Win32 = release_dll|Win32
		release_static|Win32 = release_static|Win32
	EndGlobalSection
	GlobalSection(ProjectConfigurationPlatforms) = postSolution
		{6D55F776-148A-45F7-9CC4-B6EF46E445E5}.debug_dll|Win32.ActiveCfg = debug_dll|Win32
		{6D55F776-148A-45F7-9CC4-B6EF46E445E5}.debug_dll|Win32.Build.0 = debug_dll|Win32
		{6D55F776-148A-45F7-9CC4-B6EF46E445E5}.debug_static|Win32.ActiveCfg = debug_static|Win32
		{6D55F776-148A-45F7-9CC4-B6EF46E445E5}.debug_static|Win32.Build.0 = debug_static|Win32
		{6D55F776-148A-45F7-9CC4-B6EF46E445E5}.release_dll|Win32.ActiveCfg = release_dll|Win32
		{6D55F776-148A-45F7-9CC4-B6EF46E445E5}.release_dll|Win32.Build.0 = release_dll|Win32
		{6D55F776-148A-45F7-9CC4-B6EF46E445E5}.release_static|Win32.ActiveCfg = release_static|Win32
		{6D55F776-148A-45F7-9CC4-B6EF46E445E5}.release_static|Win32.Build.0 = release_static|Win32
		{FB1785A5-1B71-4E31-8912-F1754787EEA4}.debug_dll|Win32.ActiveCfg = debug_dll|Win32
		{FB1785A5-1B71-4E31-8912-F1754787EEA4}.debug_dll|Win32.Build.0 = debug_dll|Win32
		{FB1785A5-1B71-4E31-8912-F1754787EEA4}.debug_static|Win32.ActiveCfg = debug_static|Win32
		{FB1785A5-1B71-4E31-8912-F1754787EEA4}.debug_static|Win32.Build.0 = debug_static|Win32
		{FB1785A5-1B71-4E31-8912-F1754787EEA4}.release_dll|Win32.ActiveCfg = release_dll|Win32
		{FB1785A5-1B71-4E31-8912-F1754787EEA4}.release_dll|Win32.Build.0 = release_dll|Win32
		{FB1785A5-1B71-4E31-8912-F1754787EEA4}.release_static|Win32.ActiveCfg = release_static|Win32
		{FB1785A5-1B71-4E31-8912-F1754787EEA4}.release_static|Win32.Build.0 = release_static|Win32
	EndGlobalSection
	GlobalSection(SolutionProperties) = preSolution
		HideSolutionNode = FALSE
	EndGlobalSection
EndGlobal
