
Microsoft Visual Studio Solution File, Format Version 9.00
# Visual Studio 2005
Project("{8BC9CEB8-8B4A-11D0-8D11-00A0C91BC942}") = "Ex_Monorail", "Ex_Monorail.vcproj", "{58EE3F4C-0FB6-41C6-B218-88FDA75BE2DD}"
EndProject
Project("{8BC9CEB8-8B4A-11D0-8D11-00A0C91BC942}") = "DEVSpp", "..\..\DEVSpp.vcproj", "{FB1785A5-1B71-4E31-8912-F1754787EEA4}"
EndProject
Global
	GlobalSection(SolutionConfigurationPlatforms) = preSolution
		debug_dll|Win32 = debug_dll|Win32
		debug_static|Win32 = debug_static|Win32
		release_dll|Win32 = release_dll|Win32
		release_static|Win32 = release_static|Win32
	EndGlobalSection
	GlobalSection(ProjectConfigurationPlatforms) = postSolution
		{58EE3F4C-0FB6-41C6-B218-88FDA75BE2DD}.debug_dll|Win32.ActiveCfg = debug_dll|Win32
		{58EE3F4C-0FB6-41C6-B218-88FDA75BE2DD}.debug_dll|Win32.Build.0 = debug_dll|Win32
		{58EE3F4C-0FB6-41C6-B218-88FDA75BE2DD}.debug_static|Win32.ActiveCfg = debug_static|Win32
		{58EE3F4C-0FB6-41C6-B218-88FDA75BE2DD}.debug_static|Win32.Build.0 = debug_static|Win32
		{58EE3F4C-0FB6-41C6-B218-88FDA75BE2DD}.release_dll|Win32.ActiveCfg = release_dll|Win32
		{58EE3F4C-0FB6-41C6-B218-88FDA75BE2DD}.release_dll|Win32.Build.0 = release_dll|Win32
		{58EE3F4C-0FB6-41C6-B218-88FDA75BE2DD}.release_static|Win32.ActiveCfg = release_static|Win32
		{58EE3F4C-0FB6-41C6-B218-88FDA75BE2DD}.release_static|Win32.Build.0 = release_static|Win32
		{FB1785A5-1B71-4E31-8912-F1754787EEA4}.debug_dll|Win32.ActiveCfg = debug_dll|Win32
		{FB1785A5-1B71-4E31-8912-F1754787EEA4}.debug_dll|Win32.Build.0 = debug_dll|Win32
		{FB1785A5-1B71-4E31-8912-F1754787EEA4}.debug_static|Win32.ActiveCfg = debug_static|Win32
		{FB1785A5-1B71-4E31-8912-F1754787EEA4}.debug_static|Win32.Build.0 = debug_static|Win32
		{FB1785A5-1B71-4E31-8912-F1754787EEA4}.release_dll|Win32.ActiveCfg = release_dll|Win32
		{FB1785A5-1B71-4E31-8912-F1754787EEA4}.release_dll|Win32.Build.0 = release_dll|Win32
		{FB1785A5-1B71-4E31-8912-F1754787EEA4}.release_static|Win32.ActiveCfg = release_static|Win32
		{FB1785A5-1B71-4E31-8912-F1754787EEA4}.release_static|Win32.Build.0 = release_static|Win32
	EndGlobalSection
	GlobalSection(SolutionProperties) = preSolution
		HideSolutionNode = FALSE
	EndGlobalSection
EndGlobal
